// !$*UTF8*$!
{
	archiveVersion = 1;
	classes = {
	};
	objectVersion = 50;
	objects = {

/* Begin PBXBuildFile section */
		C9628DAF25A7E62500136748 /* MiddleDetailViewController.swift in Sources */ = {isa = PBXBuildFile; fileRef = C9628DAE25A7E62500136748 /* MiddleDetailViewController.swift */; };
		C9628DB125A8391C00136748 /* NetWorkManager.swift in Sources */ = {isa = PBXBuildFile; fileRef = C9628DB025A8391C00136748 /* NetWorkManager.swift */; };
		C963924F25A6D664006B706B /* StringExtension.swift in Sources */ = {isa = PBXBuildFile; fileRef = C963924E25A6D664006B706B /* StringExtension.swift */; };
		C963925125A6ED96006B706B /* MJRefresh.framework in Frameworks */ = {isa = PBXBuildFile; fileRef = C963925025A6ED95006B706B /* MJRefresh.framework */; };
		C963925325A6EDB6006B706B /* MJRefresh.framework in CopyFiles */ = {isa = PBXBuildFile; fileRef = C963925025A6ED95006B706B /* MJRefresh.framework */; settings = {ATTRIBUTES = (CodeSignOnCopy, RemoveHeadersOnCopy, ); }; };
		C968995A25A5565600C7F67A /* MiddleListTableViewCell.swift in Sources */ = {isa = PBXBuildFile; fileRef = C968995925A5565600C7F67A /* MiddleListTableViewCell.swift */; };
		C968995C25A57EF800C7F67A /* MiddleListPageDataModel.swift in Sources */ = {isa = PBXBuildFile; fileRef = C968995B25A57EF800C7F67A /* MiddleListPageDataModel.swift */; };
		C968995E25A57FD900C7F67A /* Masonry.framework in Frameworks */ = {isa = PBXBuildFile; fileRef = C968995D25A57FD900C7F67A /* Masonry.framework */; };
		C968996025A5802600C7F67A /* Masonry.framework in CopyFiles */ = {isa = PBXBuildFile; fileRef = C968995D25A57FD900C7F67A /* Masonry.framework */; settings = {ATTRIBUTES = (CodeSignOnCopy, RemoveHeadersOnCopy, ); }; };
		C97128E825A44565009112AC /* MainTabBarViewController.swift in Sources */ = {isa = PBXBuildFile; fileRef = C97128E725A44565009112AC /* MainTabBarViewController.swift */; };
		C97128EA25A445BC009112AC /* MainPageViewController.swift in Sources */ = {isa = PBXBuildFile; fileRef = C97128E925A445BC009112AC /* MainPageViewController.swift */; };
		C97128EC25A445D6009112AC /* PersonalPageViewController.swift in Sources */ = {isa = PBXBuildFile; fileRef = C97128EB25A445D6009112AC /* PersonalPageViewController.swift */; };
		C97128F225A44D8B009112AC /* ConstantsHeader.swift in Sources */ = {isa = PBXBuildFile; fileRef = C97128F125A44D8B009112AC /* ConstantsHeader.swift */; };
		C97128F525A4A645009112AC /* SDWebImage.framework in Frameworks */ = {isa = PBXBuildFile; fileRef = C97128F425A4A645009112AC /* SDWebImage.framework */; };
		C97128F725A4AD99009112AC /* SDWebImage.framework in CopyFiles */ = {isa = PBXBuildFile; fileRef = C97128F425A4A645009112AC /* SDWebImage.framework */; settings = {ATTRIBUTES = (CodeSignOnCopy, RemoveHeadersOnCopy, ); }; };
		C9860BB725A9822A00053599 /* TestOcViewController.m in Sources */ = {isa = PBXBuildFile; fileRef = C9860BB625A9822A00053599 /* TestOcViewController.m */; };
		C9860BBC25A98FB200053599 /* TestSwift.swift in Sources */ = {isa = PBXBuildFile; fileRef = C9860BBB25A98FB200053599 /* TestSwift.swift */; };
		C98A0F4425A2B38400E4A0CA /* AppDelegate.swift in Sources */ = {isa = PBXBuildFile; fileRef = C98A0F4325A2B38400E4A0CA /* AppDelegate.swift */; };
		C98A0F4825A2B38400E4A0CA /* ViewController.swift in Sources */ = {isa = PBXBuildFile; fileRef = C98A0F4725A2B38400E4A0CA /* ViewController.swift */; };
		C98A0F4B25A2B38400E4A0CA /* Main.storyboard in Resources */ = {isa = PBXBuildFile; fileRef = C98A0F4925A2B38400E4A0CA /* Main.storyboard */; };
		C98A0F4D25A2B38700E4A0CA /* Assets.xcassets in Resources */ = {isa = PBXBuildFile; fileRef = C98A0F4C25A2B38700E4A0CA /* Assets.xcassets */; };
		C98A0F5025A2B38700E4A0CA /* LaunchScreen.storyboard in Resources */ = {isa = PBXBuildFile; fileRef = C98A0F4E25A2B38700E4A0CA /* LaunchScreen.storyboard */; };
		C98A0F5B25A2B38700E4A0CA /* tabbarExercisesTests.swift in Sources */ = {isa = PBXBuildFile; fileRef = C98A0F5A25A2B38700E4A0CA /* tabbarExercisesTests.swift */; };
		C98A0F6625A2B38700E4A0CA /* tabbarExercisesUITests.swift in Sources */ = {isa = PBXBuildFile; fileRef = C98A0F6525A2B38700E4A0CA /* tabbarExercisesUITests.swift */; };
		C98A0F7625A2ED5F00E4A0CA /* NSObjectExtension.swift in Sources */ = {isa = PBXBuildFile; fileRef = C98A0F7525A2ED5F00E4A0CA /* NSObjectExtension.swift */; };
		C98A0F7825A2EFB100E4A0CA /* SwiftyJSON.swift in Sources */ = {isa = PBXBuildFile; fileRef = C98A0F7725A2EFB100E4A0CA /* SwiftyJSON.swift */; };
/* End PBXBuildFile section */

/* Begin PBXContainerItemProxy section */
		C98A0F5725A2B38700E4A0CA /* PBXContainerItemProxy */ = {
			isa = PBXContainerItemProxy;
			containerPortal = C98A0F3825A2B38400E4A0CA /* Project object */;
			proxyType = 1;
			remoteGlobalIDString = C98A0F3F25A2B38400E4A0CA;
			remoteInfo = tabbarExercises;
		};
		C98A0F6225A2B38700E4A0CA /* PBXContainerItemProxy */ = {
			isa = PBXContainerItemProxy;
			containerPortal = C98A0F3825A2B38400E4A0CA /* Project object */;
			proxyType = 1;
			remoteGlobalIDString = C98A0F3F25A2B38400E4A0CA;
			remoteInfo = tabbarExercises;
		};
/* End PBXContainerItemProxy section */

/* Begin PBXCopyFilesBuildPhase section */
		C963925225A6ED9D006B706B /* CopyFiles */ = {
			isa = PBXCopyFilesBuildPhase;
			buildActionMask = 2147483647;
			dstPath = "";
			dstSubfolderSpec = 10;
			files = (
				C963925325A6EDB6006B706B /* MJRefresh.framework in CopyFiles */,
			);
			runOnlyForDeploymentPostprocessing = 0;
		};
		C968995F25A5801000C7F67A /* CopyFiles */ = {
			isa = PBXCopyFilesBuildPhase;
			buildActionMask = 2147483647;
			dstPath = "";
			dstSubfolderSpec = 10;
			files = (
				C968996025A5802600C7F67A /* Masonry.framework in CopyFiles */,
			);
			runOnlyForDeploymentPostprocessing = 0;
		};
		C97128F625A4AD77009112AC /* CopyFiles */ = {
			isa = PBXCopyFilesBuildPhase;
			buildActionMask = 2147483647;
			dstPath = "";
			dstSubfolderSpec = 10;
			files = (
				C97128F725A4AD99009112AC /* SDWebImage.framework in CopyFiles */,
			);
			runOnlyForDeploymentPostprocessing = 0;
		};
/* End PBXCopyFilesBuildPhase section */

/* Begin PBXFileReference section */
		C9628DAE25A7E62500136748 /* MiddleDetailViewController.swift */ = {isa = PBXFileReference; lastKnownFileType = sourcecode.swift; path = MiddleDetailViewController.swift; sourceTree = "<group>"; };
		C9628DB025A8391C00136748 /* NetWorkManager.swift */ = {isa = PBXFileReference; lastKnownFileType = sourcecode.swift; path = NetWorkManager.swift; sourceTree = "<group>"; };
		C963924E25A6D664006B706B /* StringExtension.swift */ = {isa = PBXFileReference; lastKnownFileType = sourcecode.swift; path = StringExtension.swift; sourceTree = "<group>"; };
		C963925025A6ED95006B706B /* MJRefresh.framework */ = {isa = PBXFileReference; lastKnownFileType = wrapper.framework; name = MJRefresh.framework; path = Carthage/Build/iOS/MJRefresh.framework; sourceTree = "<group>"; };
		C968995925A5565600C7F67A /* MiddleListTableViewCell.swift */ = {isa = PBXFileReference; lastKnownFileType = sourcecode.swift; path = MiddleListTableViewCell.swift; sourceTree = "<group>"; };
		C968995B25A57EF800C7F67A /* MiddleListPageDataModel.swift */ = {isa = PBXFileReference; lastKnownFileType = sourcecode.swift; path = MiddleListPageDataModel.swift; sourceTree = "<group>"; };
		C968995D25A57FD900C7F67A /* Masonry.framework */ = {isa = PBXFileReference; lastKnownFileType = wrapper.framework; name = Masonry.framework; path = Carthage/Build/iOS/Masonry.framework; sourceTree = "<group>"; };
		C97128E725A44565009112AC /* MainTabBarViewController.swift */ = {isa = PBXFileReference; lastKnownFileType = sourcecode.swift; path = MainTabBarViewController.swift; sourceTree = "<group>"; };
		C97128E925A445BC009112AC /* MainPageViewController.swift */ = {isa = PBXFileReference; lastKnownFileType = sourcecode.swift; path = MainPageViewController.swift; sourceTree = "<group>"; };
		C97128EB25A445D6009112AC /* PersonalPageViewController.swift */ = {isa = PBXFileReference; lastKnownFileType = sourcecode.swift; path = PersonalPageViewController.swift; sourceTree = "<group>"; };
		C97128F125A44D8B009112AC /* ConstantsHeader.swift */ = {isa = PBXFileReference; lastKnownFileType = sourcecode.swift; path = ConstantsHeader.swift; sourceTree = "<group>"; };
		C97128F425A4A645009112AC /* SDWebImage.framework */ = {isa = PBXFileReference; lastKnownFileType = wrapper.framework; name = SDWebImage.framework; path = Carthage/Build/iOS/SDWebImage.framework; sourceTree = "<group>"; };
		C9860BB525A9822A00053599 /* TestOcViewController.h */ = {isa = PBXFileReference; lastKnownFileType = sourcecode.c.h; path = TestOcViewController.h; sourceTree = "<group>"; };
		C9860BB625A9822A00053599 /* TestOcViewController.m */ = {isa = PBXFileReference; lastKnownFileType = sourcecode.c.objc; path = TestOcViewController.m; sourceTree = "<group>"; };
		C9860BB825A9838700053599 /* tabbarExercises-Bridging-Header.h */ = {isa = PBXFileReference; lastKnownFileType = sourcecode.c.h; path = "tabbarExercises-Bridging-Header.h"; sourceTree = "<group>"; };
		C9860BBB25A98FB200053599 /* TestSwift.swift */ = {isa = PBXFileReference; lastKnownFileType = sourcecode.swift; path = TestSwift.swift; sourceTree = "<group>"; };
		C98A0F4025A2B38400E4A0CA /* tabbarExercises.app */ = {isa = PBXFileReference; explicitFileType = wrapper.application; includeInIndex = 0; path = tabbarExercises.app; sourceTree = BUILT_PRODUCTS_DIR; };
		C98A0F4325A2B38400E4A0CA /* AppDelegate.swift */ = {isa = PBXFileReference; lastKnownFileType = sourcecode.swift; path = AppDelegate.swift; sourceTree = "<group>"; };
		C98A0F4725A2B38400E4A0CA /* ViewController.swift */ = {isa = PBXFileReference; lastKnownFileType = sourcecode.swift; path = ViewController.swift; sourceTree = "<group>"; };
		C98A0F4A25A2B38400E4A0CA /* Base */ = {isa = PBXFileReference; lastKnownFileType = file.storyboard; name = Base; path = Base.lproj/Main.storyboard; sourceTree = "<group>"; };
		C98A0F4C25A2B38700E4A0CA /* Assets.xcassets */ = {isa = PBXFileReference; lastKnownFileType = folder.assetcatalog; path = Assets.xcassets; sourceTree = "<group>"; };
		C98A0F4F25A2B38700E4A0CA /* Base */ = {isa = PBXFileReference; lastKnownFileType = file.storyboard; name = Base; path = Base.lproj/LaunchScreen.storyboard; sourceTree = "<group>"; };
		C98A0F5125A2B38700E4A0CA /* Info.plist */ = {isa = PBXFileReference; lastKnownFileType = text.plist.xml; path = Info.plist; sourceTree = "<group>"; };
		C98A0F5625A2B38700E4A0CA /* tabbarExercisesTests.xctest */ = {isa = PBXFileReference; explicitFileType = wrapper.cfbundle; includeInIndex = 0; path = tabbarExercisesTests.xctest; sourceTree = BUILT_PRODUCTS_DIR; };
		C98A0F5A25A2B38700E4A0CA /* tabbarExercisesTests.swift */ = {isa = PBXFileReference; lastKnownFileType = sourcecode.swift; path = tabbarExercisesTests.swift; sourceTree = "<group>"; };
		C98A0F5C25A2B38700E4A0CA /* Info.plist */ = {isa = PBXFileReference; lastKnownFileType = text.plist.xml; path = Info.plist; sourceTree = "<group>"; };
		C98A0F6125A2B38700E4A0CA /* tabbarExercisesUITests.xctest */ = {isa = PBXFileReference; explicitFileType = wrapper.cfbundle; includeInIndex = 0; path = tabbarExercisesUITests.xctest; sourceTree = BUILT_PRODUCTS_DIR; };
		C98A0F6525A2B38700E4A0CA /* tabbarExercisesUITests.swift */ = {isa = PBXFileReference; lastKnownFileType = sourcecode.swift; path = tabbarExercisesUITests.swift; sourceTree = "<group>"; };
		C98A0F6725A2B38700E4A0CA /* Info.plist */ = {isa = PBXFileReference; lastKnownFileType = text.plist.xml; path = Info.plist; sourceTree = "<group>"; };
		C98A0F7525A2ED5F00E4A0CA /* NSObjectExtension.swift */ = {isa = PBXFileReference; lastKnownFileType = sourcecode.swift; path = NSObjectExtension.swift; sourceTree = "<group>"; };
		C98A0F7725A2EFB100E4A0CA /* SwiftyJSON.swift */ = {isa = PBXFileReference; fileEncoding = 4; lastKnownFileType = sourcecode.swift; path = SwiftyJSON.swift; sourceTree = "<group>"; };
/* End PBXFileReference section */

/* Begin PBXFrameworksBuildPhase section */
		C98A0F3D25A2B38400E4A0CA /* Frameworks */ = {
			isa = PBXFrameworksBuildPhase;
			buildActionMask = 2147483647;
			files = (
				C963925125A6ED96006B706B /* MJRefresh.framework in Frameworks */,
				C968995E25A57FD900C7F67A /* Masonry.framework in Frameworks */,
				C97128F525A4A645009112AC /* SDWebImage.framework in Frameworks */,
			);
			runOnlyForDeploymentPostprocessing = 0;
		};
		C98A0F5325A2B38700E4A0CA /* Frameworks */ = {
			isa = PBXFrameworksBuildPhase;
			buildActionMask = 2147483647;
			files = (
			);
			runOnlyForDeploymentPostprocessing = 0;
		};
		C98A0F5E25A2B38700E4A0CA /* Frameworks */ = {
			isa = PBXFrameworksBuildPhase;
			buildActionMask = 2147483647;
			files = (
			);
			runOnlyForDeploymentPostprocessing = 0;
		};
/* End PBXFrameworksBuildPhase section */

/* Begin PBXGroup section */
		C97128ED25A44CA5009112AC /* Extension */ = {
			isa = PBXGroup;
			children = (
				C98A0F7525A2ED5F00E4A0CA /* NSObjectExtension.swift */,
				C963924E25A6D664006B706B /* StringExtension.swift */,
			);
			path = Extension;
			sourceTree = "<group>";
		};
		C97128EE25A44CED009112AC /* HomePage */ = {
			isa = PBXGroup;
			children = (
				C97128E925A445BC009112AC /* MainPageViewController.swift */,
			);
			path = HomePage;
			sourceTree = "<group>";
		};
		C97128EF25A44CFB009112AC /* MiddlePage */ = {
			isa = PBXGroup;
			children = (
				C98A0F4725A2B38400E4A0CA /* ViewController.swift */,
				C968995925A5565600C7F67A /* MiddleListTableViewCell.swift */,
				C968995B25A57EF800C7F67A /* MiddleListPageDataModel.swift */,
				C9628DAE25A7E62500136748 /* MiddleDetailViewController.swift */,
				C9628DB025A8391C00136748 /* NetWorkManager.swift */,
			);
			path = MiddlePage;
			sourceTree = "<group>";
		};
		C97128F025A44D08009112AC /* PersonalPage */ = {
			isa = PBXGroup;
			children = (
				C97128EB25A445D6009112AC /* PersonalPageViewController.swift */,
			);
			path = PersonalPage;
			sourceTree = "<group>";
		};
		C97128F325A4A645009112AC /* Frameworks */ = {
			isa = PBXGroup;
			children = (
				C963925025A6ED95006B706B /* MJRefresh.framework */,
				C968995D25A57FD900C7F67A /* Masonry.framework */,
				C97128F425A4A645009112AC /* SDWebImage.framework */,
			);
			name = Frameworks;
			sourceTree = "<group>";
		};
		C98A0F3725A2B38400E4A0CA = {
			isa = PBXGroup;
			children = (
				C98A0F4225A2B38400E4A0CA /* tabbarExercises */,
				C98A0F5925A2B38700E4A0CA /* tabbarExercisesTests */,
				C98A0F6425A2B38700E4A0CA /* tabbarExercisesUITests */,
				C98A0F4125A2B38400E4A0CA /* Products */,
				C97128F325A4A645009112AC /* Frameworks */,
			);
			sourceTree = "<group>";
		};
		C98A0F4125A2B38400E4A0CA /* Products */ = {
			isa = PBXGroup;
			children = (
				C98A0F4025A2B38400E4A0CA /* tabbarExercises.app */,
				C98A0F5625A2B38700E4A0CA /* tabbarExercisesTests.xctest */,
				C98A0F6125A2B38700E4A0CA /* tabbarExercisesUITests.xctest */,
			);
			name = Products;
			sourceTree = "<group>";
		};
		C98A0F4225A2B38400E4A0CA /* tabbarExercises */ = {
			isa = PBXGroup;
			children = (
				C97128F025A44D08009112AC /* PersonalPage */,
				C97128EF25A44CFB009112AC /* MiddlePage */,
				C97128EE25A44CED009112AC /* HomePage */,
				C97128ED25A44CA5009112AC /* Extension */,
				C98A0F7925A3075200E4A0CA /* Third */,
				C98A0F4325A2B38400E4A0CA /* AppDelegate.swift */,
				C98A0F4925A2B38400E4A0CA /* Main.storyboard */,
				C98A0F4C25A2B38700E4A0CA /* Assets.xcassets */,
				C98A0F4E25A2B38700E4A0CA /* LaunchScreen.storyboard */,
				C98A0F5125A2B38700E4A0CA /* Info.plist */,
				C97128E725A44565009112AC /* MainTabBarViewController.swift */,
				C97128F125A44D8B009112AC /* ConstantsHeader.swift */,
				C9860BB525A9822A00053599 /* TestOcViewController.h */,
				C9860BB625A9822A00053599 /* TestOcViewController.m */,
				C9860BB825A9838700053599 /* tabbarExercises-Bridging-Header.h */,
				C9860BBB25A98FB200053599 /* TestSwift.swift */,
			);
			path = tabbarExercises;
			sourceTree = "<group>";
		};
		C98A0F5925A2B38700E4A0CA /* tabbarExercisesTests */ = {
			isa = PBXGroup;
			children = (
				C98A0F5A25A2B38700E4A0CA /* tabbarExercisesTests.swift */,
				C98A0F5C25A2B38700E4A0CA /* Info.plist */,
			);
			path = tabbarExercisesTests;
			sourceTree = "<group>";
		};
		C98A0F6425A2B38700E4A0CA /* tabbarExercisesUITests */ = {
			isa = PBXGroup;
			children = (
				C98A0F6525A2B38700E4A0CA /* tabbarExercisesUITests.swift */,
				C98A0F6725A2B38700E4A0CA /* Info.plist */,
			);
			path = tabbarExercisesUITests;
			sourceTree = "<group>";
		};
		C98A0F7925A3075200E4A0CA /* Third */ = {
			isa = PBXGroup;
			children = (
				C98A0F7725A2EFB100E4A0CA /* SwiftyJSON.swift */,
			);
			path = Third;
			sourceTree = "<group>";
		};
/* End PBXGroup section */

/* Begin PBXNativeTarget section */
		C98A0F3F25A2B38400E4A0CA /* tabbarExercises */ = {
			isa = PBXNativeTarget;
			buildConfigurationList = C98A0F6A25A2B38700E4A0CA /* Build configuration list for PBXNativeTarget "tabbarExercises" */;
			buildPhases = (
				C98A0F3C25A2B38400E4A0CA /* Sources */,
				C98A0F3D25A2B38400E4A0CA /* Frameworks */,
				C98A0F3E25A2B38400E4A0CA /* Resources */,
				C97128F625A4AD77009112AC /* CopyFiles */,
				C968995F25A5801000C7F67A /* CopyFiles */,
				C963925225A6ED9D006B706B /* CopyFiles */,
			);
			buildRules = (
			);
			dependencies = (
			);
			name = tabbarExercises;
			productName = tabbarExercises;
			productReference = C98A0F4025A2B38400E4A0CA /* tabbarExercises.app */;
			productType = "com.apple.product-type.application";
		};
		C98A0F5525A2B38700E4A0CA /* tabbarExercisesTests */ = {
			isa = PBXNativeTarget;
			buildConfigurationList = C98A0F6D25A2B38700E4A0CA /* Build configuration list for PBXNativeTarget "tabbarExercisesTests" */;
			buildPhases = (
				C98A0F5225A2B38700E4A0CA /* Sources */,
				C98A0F5325A2B38700E4A0CA /* Frameworks */,
				C98A0F5425A2B38700E4A0CA /* Resources */,
			);
			buildRules = (
			);
			dependencies = (
				C98A0F5825A2B38700E4A0CA /* PBXTargetDependency */,
			);
			name = tabbarExercisesTests;
			productName = tabbarExercisesTests;
			productReference = C98A0F5625A2B38700E4A0CA /* tabbarExercisesTests.xctest */;
			productType = "com.apple.product-type.bundle.unit-test";
		};
		C98A0F6025A2B38700E4A0CA /* tabbarExercisesUITests */ = {
			isa = PBXNativeTarget;
			buildConfigurationList = C98A0F7025A2B38700E4A0CA /* Build configuration list for PBXNativeTarget "tabbarExercisesUITests" */;
			buildPhases = (
				C98A0F5D25A2B38700E4A0CA /* Sources */,
				C98A0F5E25A2B38700E4A0CA /* Frameworks */,
				C98A0F5F25A2B38700E4A0CA /* Resources */,
			);
			buildRules = (
			);
			dependencies = (
				C98A0F6325A2B38700E4A0CA /* PBXTargetDependency */,
			);
			name = tabbarExercisesUITests;
			productName = tabbarExercisesUITests;
			productReference = C98A0F6125A2B38700E4A0CA /* tabbarExercisesUITests.xctest */;
			productType = "com.apple.product-type.bundle.ui-testing";
		};
/* End PBXNativeTarget section */

/* Begin PBXProject section */
		C98A0F3825A2B38400E4A0CA /* Project object */ = {
			isa = PBXProject;
			attributes = {
				LastSwiftUpdateCheck = 1150;
				LastUpgradeCheck = 1150;
				ORGANIZATIONNAME = "Lizihao Li";
				TargetAttributes = {
					C98A0F3F25A2B38400E4A0CA = {
						CreatedOnToolsVersion = 11.5;
						LastSwiftMigration = 1150;
					};
					C98A0F5525A2B38700E4A0CA = {
						CreatedOnToolsVersion = 11.5;
						TestTargetID = C98A0F3F25A2B38400E4A0CA;
					};
					C98A0F6025A2B38700E4A0CA = {
						CreatedOnToolsVersion = 11.5;
						TestTargetID = C98A0F3F25A2B38400E4A0CA;
					};
				};
			};
			buildConfigurationList = C98A0F3B25A2B38400E4A0CA /* Build configuration list for PBXProject "tabbarExercises" */;
			compatibilityVersion = "Xcode 9.3";
			developmentRegion = en;
			hasScannedForEncodings = 0;
			knownRegions = (
				en,
				Base,
			);
			mainGroup = C98A0F3725A2B38400E4A0CA;
			productRefGroup = C98A0F4125A2B38400E4A0CA /* Products */;
			projectDirPath = "";
			projectRoot = "";
			targets = (
				C98A0F3F25A2B38400E4A0CA /* tabbarExercises */,
				C98A0F5525A2B38700E4A0CA /* tabbarExercisesTests */,
				C98A0F6025A2B38700E4A0CA /* tabbarExercisesUITests */,
			);
		};
/* End PBXProject section */

/* Begin PBXResourcesBuildPhase section */
		C98A0F3E25A2B38400E4A0CA /* Resources */ = {
			isa = PBXResourcesBuildPhase;
			buildActionMask = 2147483647;
			files = (
				C98A0F5025A2B38700E4A0CA /* LaunchScreen.storyboard in Resources */,
				C98A0F4D25A2B38700E4A0CA /* Assets.xcassets in Resources */,
				C98A0F4B25A2B38400E4A0CA /* Main.storyboard in Resources */,
			);
			runOnlyForDeploymentPostprocessing = 0;
		};
		C98A0F5425A2B38700E4A0CA /* Resources */ = {
			isa = PBXResourcesBuildPhase;
			buildActionMask = 2147483647;
			files = (
			);
			runOnlyForDeploymentPostprocessing = 0;
		};
		C98A0F5F25A2B38700E4A0CA /* Resources */ = {
			isa = PBXResourcesBuildPhase;
			buildActionMask = 2147483647;
			files = (
			);
			runOnlyForDeploymentPostprocessing = 0;
		};
/* End PBXResourcesBuildPhase section */

/* Begin PBXSourcesBuildPhase section */
		C98A0F3C25A2B38400E4A0CA /* Sources */ = {
			isa = PBXSourcesBuildPhase;
			buildActionMask = 2147483647;
			files = (
				C968995A25A5565600C7F67A /* MiddleListTableViewCell.swift in Sources */,
				C968995C25A57EF800C7F67A /* MiddleListPageDataModel.swift in Sources */,
				C9860BB725A9822A00053599 /* TestOcViewController.m in Sources */,
				C97128E825A44565009112AC /* MainTabBarViewController.swift in Sources */,
				C98A0F4825A2B38400E4A0CA /* ViewController.swift in Sources */,
				C98A0F7625A2ED5F00E4A0CA /* NSObjectExtension.swift in Sources */,
				C9860BBC25A98FB200053599 /* TestSwift.swift in Sources */,
				C98A0F4425A2B38400E4A0CA /* AppDelegate.swift in Sources */,
				C9628DB125A8391C00136748 /* NetWorkManager.swift in Sources */,
				C97128EA25A445BC009112AC /* MainPageViewController.swift in Sources */,
				C97128EC25A445D6009112AC /* PersonalPageViewController.swift in Sources */,
				C9628DAF25A7E62500136748 /* MiddleDetailViewController.swift in Sources */,
				C97128F225A44D8B009112AC /* ConstantsHeader.swift in Sources */,
				C963924F25A6D664006B706B /* StringExtension.swift in Sources */,
				C98A0F7825A2EFB100E4A0CA /* SwiftyJSON.swift in Sources */,
			);
			runOnlyForDeploymentPostprocessing = 0;
		};
		C98A0F5225A2B38700E4A0CA /* Sources */ = {
			isa = PBXSourcesBuildPhase;
			buildActionMask = 2147483647;
			files = (
				C98A0F5B25A2B38700E4A0CA /* tabbarExercisesTests.swift in Sources */,
			);
			runOnlyForDeploymentPostprocessing = 0;
		};
		C98A0F5D25A2B38700E4A0CA /* Sources */ = {
			isa = PBXSourcesBuildPhase;
			buildActionMask = 2147483647;
			files = (
				C98A0F6625A2B38700E4A0CA /* tabbarExercisesUITests.swift in Sources */,
			);
			runOnlyForDeploymentPostprocessing = 0;
		};
/* End PBXSourcesBuildPhase section */

/* Begin PBXTargetDependency section */
		C98A0F5825A2B38700E4A0CA /* PBXTargetDependency */ = {
			isa = PBXTargetDependency;
			target = C98A0F3F25A2B38400E4A0CA /* tabbarExercises */;
			targetProxy = C98A0F5725A2B38700E4A0CA /* PBXContainerItemProxy */;
		};
		C98A0F6325A2B38700E4A0CA /* PBXTargetDependency */ = {
			isa = PBXTargetDependency;
			target = C98A0F3F25A2B38400E4A0CA /* tabbarExercises */;
			targetProxy = C98A0F6225A2B38700E4A0CA /* PBXContainerItemProxy */;
		};
/* End PBXTargetDependency section */

/* Begin PBXVariantGroup section */
		C98A0F4925A2B38400E4A0CA /* Main.storyboard */ = {
			isa = PBXVariantGroup;
			children = (
				C98A0F4A25A2B38400E4A0CA /* Base */,
			);
			name = Main.storyboard;
			sourceTree = "<group>";
		};
		C98A0F4E25A2B38700E4A0CA /* LaunchScreen.storyboard */ = {
			isa = PBXVariantGroup;
			children = (
				C98A0F4F25A2B38700E4A0CA /* Base */,
			);
			name = LaunchScreen.storyboard;
			sourceTree = "<group>";
		};
/* End PBXVariantGroup section */

/* Begin XCBuildConfiguration section */
		C98A0F6825A2B38700E4A0CA /* Debug */ = {
			isa = XCBuildConfiguration;
			buildSettings = {
				ALWAYS_SEARCH_USER_PATHS = NO;
				CLANG_ANALYZER_NONNULL = YES;
				CLANG_ANALYZER_NUMBER_OBJECT_CONVERSION = YES_AGGRESSIVE;
				CLANG_CXX_LANGUAGE_STANDARD = "gnu++14";
				CLANG_CXX_LIBRARY = "libc++";
				CLANG_ENABLE_MODULES = YES;
				CLANG_ENABLE_OBJC_ARC = YES;
				CLANG_ENABLE_OBJC_WEAK = YES;
				CLANG_WARN_BLOCK_CAPTURE_AUTORELEASING = YES;
				CLANG_WARN_BOOL_CONVERSION = YES;
				CLANG_WARN_COMMA = YES;
				CLANG_WARN_CONSTANT_CONVERSION = YES;
				CLANG_WARN_DEPRECATED_OBJC_IMPLEMENTATIONS = YES;
				CLANG_WARN_DIRECT_OBJC_ISA_USAGE = YES_ERROR;
				CLANG_WARN_DOCUMENTATION_COMMENTS = YES;
				CLANG_WARN_EMPTY_BODY = YES;
				CLANG_WARN_ENUM_CONVERSION = YES;
				CLANG_WARN_INFINITE_RECURSION = YES;
				CLANG_WARN_INT_CONVERSION = YES;
				CLANG_WARN_NON_LITERAL_NULL_CONVERSION = YES;
				CLANG_WARN_OBJC_IMPLICIT_RETAIN_SELF = YES;
				CLANG_WARN_OBJC_LITERAL_CONVERSION = YES;
				CLANG_WARN_OBJC_ROOT_CLASS = YES_ERROR;
				CLANG_WARN_RANGE_LOOP_ANALYSIS = YES;
				CLANG_WARN_STRICT_PROTOTYPES = YES;
				CLANG_WARN_SUSPICIOUS_MOVE = YES;
				CLANG_WARN_UNGUARDED_AVAILABILITY = YES_AGGRESSIVE;
				CLANG_WARN_UNREACHABLE_CODE = YES;
				CLANG_WARN__DUPLICATE_METHOD_MATCH = YES;
				COPY_PHASE_STRIP = NO;
				DEBUG_INFORMATION_FORMAT = dwarf;
				ENABLE_STRICT_OBJC_MSGSEND = YES;
				ENABLE_TESTABILITY = YES;
				GCC_C_LANGUAGE_STANDARD = gnu11;
				GCC_DYNAMIC_NO_PIC = NO;
				GCC_NO_COMMON_BLOCKS = YES;
				GCC_OPTIMIZATION_LEVEL = 0;
				GCC_PREPROCESSOR_DEFINITIONS = (
					"DEBUG=1",
					"$(inherited)",
				);
				GCC_WARN_64_TO_32_BIT_CONVERSION = YES;
				GCC_WARN_ABOUT_RETURN_TYPE = YES_ERROR;
				GCC_WARN_UNDECLARED_SELECTOR = YES;
				GCC_WARN_UNINITIALIZED_AUTOS = YES_AGGRESSIVE;
				GCC_WARN_UNUSED_FUNCTION = YES;
				GCC_WARN_UNUSED_VARIABLE = YES;
				IPHONEOS_DEPLOYMENT_TARGET = 9.0;
				MTL_ENABLE_DEBUG_INFO = INCLUDE_SOURCE;
				MTL_FAST_MATH = YES;
				ONLY_ACTIVE_ARCH = YES;
				SDKROOT = iphoneos;
				SWIFT_ACTIVE_COMPILATION_CONDITIONS = DEBUG;
				SWIFT_OPTIMIZATION_LEVEL = "-Onone";
			};
			name = Debug;
		};
		C98A0F6925A2B38700E4A0CA /* Release */ = {
			isa = XCBuildConfiguration;
			buildSettings = {
				ALWAYS_SEARCH_USER_PATHS = NO;
				CLANG_ANALYZER_NONNULL = YES;
				CLANG_ANALYZER_NUMBER_OBJECT_CONVERSION = YES_AGGRESSIVE;
				CLANG_CXX_LANGUAGE_STANDARD = "gnu++14";
				CLANG_CXX_LIBRARY = "libc++";
				CLANG_ENABLE_MODULES = YES;
				CLANG_ENABLE_OBJC_ARC = YES;
				CLANG_ENABLE_OBJC_WEAK = YES;
				CLANG_WARN_BLOCK_CAPTURE_AUTORELEASING = YES;
				CLANG_WARN_BOOL_CONVERSION = YES;
				CLANG_WARN_COMMA = YES;
				CLANG_WARN_CONSTANT_CONVERSION = YES;
				CLANG_WARN_DEPRECATED_OBJC_IMPLEMENTATIONS = YES;
				CLANG_WARN_DIRECT_OBJC_ISA_USAGE = YES_ERROR;
				CLANG_WARN_DOCUMENTATION_COMMENTS = YES;
				CLANG_WARN_EMPTY_BODY = YES;
				CLANG_WARN_ENUM_CONVERSION = YES;
				CLANG_WARN_INFINITE_RECURSION = YES;
				CLANG_WARN_INT_CONVERSION = YES;
				CLANG_WARN_NON_LITERAL_NULL_CONVERSION = YES;
				CLANG_WARN_OBJC_IMPLICIT_RETAIN_SELF = YES;
				CLANG_WARN_OBJC_LITERAL_CONVERSION = YES;
				CLANG_WARN_OBJC_ROOT_CLASS = YES_ERROR;
				CLANG_WARN_RANGE_LOOP_ANALYSIS = YES;
				CLANG_WARN_STRICT_PROTOTYPES = YES;
				CLANG_WARN_SUSPICIOUS_MOVE = YES;
				CLANG_WARN_UNGUARDED_AVAILABILITY = YES_AGGRESSIVE;
				CLANG_WARN_UNREACHABLE_CODE = YES;
				CLANG_WARN__DUPLICATE_METHOD_MATCH = YES;
				COPY_PHASE_STRIP = NO;
				DEBUG_INFORMATION_FORMAT = "dwarf-with-dsym";
				ENABLE_NS_ASSERTIONS = NO;
				ENABLE_STRICT_OBJC_MSGSEND = YES;
				GCC_C_LANGUAGE_STANDARD = gnu11;
				GCC_NO_COMMON_BLOCKS = YES;
				GCC_WARN_64_TO_32_BIT_CONVERSION = YES;
				GCC_WARN_ABOUT_RETURN_TYPE = YES_ERROR;
				GCC_WARN_UNDECLARED_SELECTOR = YES;
				GCC_WARN_UNINITIALIZED_AUTOS = YES_AGGRESSIVE;
				GCC_WARN_UNUSED_FUNCTION = YES;
				GCC_WARN_UNUSED_VARIABLE = YES;
				IPHONEOS_DEPLOYMENT_TARGET = 9.0;
				MTL_ENABLE_DEBUG_INFO = NO;
				MTL_FAST_MATH = YES;
				SDKROOT = iphoneos;
				SWIFT_COMPILATION_MODE = wholemodule;
				SWIFT_OPTIMIZATION_LEVEL = "-O";
				VALIDATE_PRODUCT = YES;
			};
			name = Release;
		};
		C98A0F6B25A2B38700E4A0CA /* Debug */ = {
			isa = XCBuildConfiguration;
			buildSettings = {
				ASSETCATALOG_COMPILER_APPICON_NAME = AppIcon;
				CLANG_ENABLE_MODULES = YES;
				CODE_SIGN_STYLE = Automatic;
				DEFINES_MODULE = YES;
				DEVELOPMENT_TEAM = N64S25EDC3;
				FRAMEWORK_SEARCH_PATHS = (
					"$(inherited)",
					"$(PROJECT_DIR)/Carthage/Build/iOS",
				);
				GCC_PRECOMPILE_PREFIX_HEADER = NO;
				HEADER_SEARCH_PATHS = "$(SRCROOT)/tabbarExercises/Third/SwiftyJSON.swift";
				INFOPLIST_FILE = tabbarExercises/Info.plist;
				LD_RUNPATH_SEARCH_PATHS = (
					"$(inherited)",
					"@executable_path/Frameworks",
				);
				OTHER_LDFLAGS = "";
				PRODUCT_BUNDLE_IDENTIFIER = asddsdsd.Button;
				PRODUCT_NAME = "$(TARGET_NAME)";
				SWIFT_OBJC_BRIDGING_HEADER = "$(SRCROOT)/tabbarExercises/tabbarExercises-Bridging-Header.h";
				SWIFT_OPTIMIZATION_LEVEL = "-Onone";
				SWIFT_VERSION = 5.0;
				TARGETED_DEVICE_FAMILY = "1,2";
			};
			name = Debug;
		};
		C98A0F6C25A2B38700E4A0CA /* Release */ = {
			isa = XCBuildConfiguration;
			buildSettings = {
				ASSETCATALOG_COMPILER_APPICON_NAME = AppIcon;
				CLANG_ENABLE_MODULES = YES;
				CODE_SIGN_STYLE = Automatic;
				DEFINES_MODULE = YES;
				DEVELOPMENT_TEAM = N64S25EDC3;
				FRAMEWORK_SEARCH_PATHS = (
					"$(inherited)",
					"$(PROJECT_DIR)/Carthage/Build/iOS",
				);
				GCC_PRECOMPILE_PREFIX_HEADER = NO;
				HEADER_SEARCH_PATHS = "$(SRCROOT)/tabbarExercises/Third/SwiftyJSON.swift";
				INFOPLIST_FILE = tabbarExercises/Info.plist;
				LD_RUNPATH_SEARCH_PATHS = (
					"$(inherited)",
					"@executable_path/Frameworks",
				);
				OTHER_LDFLAGS = "";
				PRODUCT_BUNDLE_IDENTIFIER = asddsdsd.Button;
				PRODUCT_NAME = "$(TARGET_NAME)";
				SWIFT_OBJC_BRIDGING_HEADER = "$(SRCROOT)/tabbarExercises/tabbarExercises-Bridging-Header.h";
				SWIFT_VERSION = 5.0;
				TARGETED_DEVICE_FAMILY = "1,2";
			};
			name = Release;
		};
		C98A0F6E25A2B38700E4A0CA /* Debug */ = {
			isa = XCBuildConfiguration;
			buildSettings = {
				ALWAYS_EMBED_SWIFT_STANDARD_LIBRARIES = YES;
				BUNDLE_LOADER = "$(TEST_HOST)";
				CODE_SIGN_STYLE = Automatic;
				DEVELOPMENT_TEAM = N64S25EDC3;
				INFOPLIST_FILE = tabbarExercisesTests/Info.plist;
				IPHONEOS_DEPLOYMENT_TARGET = 13.5;
				LD_RUNPATH_SEARCH_PATHS = (
					"$(inherited)",
					"@executable_path/Frameworks",
					"@loader_path/Frameworks",
				);
				PRODUCT_BUNDLE_IDENTIFIER = asddsdsd.tabbarExercisesTests;
				PRODUCT_NAME = "$(TARGET_NAME)";
				SWIFT_VERSION = 5.0;
				TARGETED_DEVICE_FAMILY = "1,2";
				TEST_HOST = "$(BUILT_PRODUCTS_DIR)/tabbarExercises.app/tabbarExercises";
			};
			name = Debug;
		};
		C98A0F6F25A2B38700E4A0CA /* Release */ = {
			isa = XCBuildConfiguration;
			buildSettings = {
				ALWAYS_EMBED_SWIFT_STANDARD_LIBRARIES = YES;
				BUNDLE_LOADER = "$(TEST_HOST)";
				CODE_SIGN_STYLE = Automatic;
				DEVELOPMENT_TEAM = N64S25EDC3;
				INFOPLIST_FILE = tabbarExercisesTests/Info.plist;
				IPHONEOS_DEPLOYMENT_TARGET = 13.5;
				LD_RUNPATH_SEARCH_PATHS = (
					"$(inherited)",
					"@executable_path/Frameworks",
					"@loader_path/Frameworks",
				);
				PRODUCT_BUNDLE_IDENTIFIER = asddsdsd.tabbarExercisesTests;
				PRODUCT_NAME = "$(TARGET_NAME)";
				SWIFT_VERSION = 5.0;
				TARGETED_DEVICE_FAMILY = "1,2";
				TEST_HOST = "$(BUILT_PRODUCTS_DIR)/tabbarExercises.app/tabbarExercises";
			};
			name = Release;
		};
		C98A0F7125A2B38700E4A0CA /* Debug */ = {
			isa = XCBuildConfiguration;
			buildSettings = {
				ALWAYS_EMBED_SWIFT_STANDARD_LIBRARIES = YES;
				CODE_SIGN_STYLE = Automatic;
				DEVELOPMENT_TEAM = N64S25EDC3;
				INFOPLIST_FILE = tabbarExercisesUITests/Info.plist;
				LD_RUNPATH_SEARCH_PATHS = (
					"$(inherited)",
					"@executable_path/Frameworks",
					"@loader_path/Frameworks",
				);
				PRODUCT_BUNDLE_IDENTIFIER = asddsdsd.tabbarExercisesUITests;
				PRODUCT_NAME = "$(TARGET_NAME)";
				SWIFT_VERSION = 5.0;
				TARGETED_DEVICE_FAMILY = "1,2";
				TEST_TARGET_NAME = tabbarExercises;
			};
			name = Debug;
		};
		C98A0F7225A2B38700E4A0CA /* Release */ = {
			isa = XCBuildConfiguration;
			buildSettings = {
				ALWAYS_EMBED_SWIFT_STANDARD_LIBRARIES = YES;
				CODE_SIGN_STYLE = Automatic;
				DEVELOPMENT_TEAM = N64S25EDC3;
				INFOPLIST_FILE = tabbarExercisesUITests/Info.plist;
				LD_RUNPATH_SEARCH_PATHS = (
					"$(inherited)",
					"@executable_path/Frameworks",
					"@loader_path/Frameworks",
				);
				PRODUCT_BUNDLE_IDENTIFIER = asddsdsd.tabbarExercisesUITests;
				PRODUCT_NAME = "$(TARGET_NAME)";
				SWIFT_VERSION = 5.0;
				TARGETED_DEVICE_FAMILY = "1,2";
				TEST_TARGET_NAME = tabbarExercises;
			};
			name = Release;
		};
/* End XCBuildConfiguration section */

/* Begin XCConfigurationList section */
		C98A0F3B25A2B38400E4A0CA /* Build configuration list for PBXProject "tabbarExercises" */ = {
			isa = XCConfigurationList;
			buildConfigurations = (
				C98A0F6825A2B38700E4A0CA /* Debug */,
				C98A0F6925A2B38700E4A0CA /* Release */,
			);
			defaultConfigurationIsVisible = 0;
			defaultConfigurationName = Release;
		};
		C98A0F6A25A2B38700E4A0CA /* Build configuration list for PBXNativeTarget "tabbarExercises" */ = {
			isa = XCConfigurationList;
			buildConfigurations = (
				C98A0F6B25A2B38700E4A0CA /* Debug */,
				C98A0F6C25A2B38700E4A0CA /* Release */,
			);
			defaultConfigurationIsVisible = 0;
			defaultConfigurationName = Release;
		};
		C98A0F6D25A2B38700E4A0CA /* Build configuration list for PBXNativeTarget "tabbarExercisesTests" */ = {
			isa = XCConfigurationList;
			buildConfigurations = (
				C98A0F6E25A2B38700E4A0CA /* Debug */,
				C98A0F6F25A2B38700E4A0CA /* Release */,
			);
			defaultConfigurationIsVisible = 0;
			defaultConfigurationName = Release;
		};
		C98A0F7025A2B38700E4A0CA /* Build configuration list for PBXNativeTarget "tabbarExercisesUITests" */ = {
			isa = XCConfigurationList;
			buildConfigurations = (
				C98A0F7125A2B38700E4A0CA /* Debug */,
				C98A0F7225A2B38700E4A0CA /* Release */,
			);
			defaultConfigurationIsVisible = 0;
			defaultConfigurationName = Release;
		};
/* End XCConfigurationList section */
	};
	rootObject = C98A0F3825A2B38400E4A0CA /* Project object */;
}
